
Microsoft Visual Studio Solution File, Format Version 12.00
# Visual Studio Version 17
VisualStudioVersion = 17.5.002.0
MinimumVisualStudioVersion = 10.0.40219.1
Project("{9A19103F-16F7-4668-BE54-9A1E7A4F7556}") = "Euler", "Euler.csproj", "{2965FA62-5B57-43A2-A840-7E2A007B9D10}"
EndProject
Global
	GlobalSection(SolutionConfigurationPlatforms) = preSolution
		Debug|Any CPU = Debug|Any CPU
		Release|Any CPU = Release|Any CPU
	EndGlobalSection
	GlobalSection(ProjectConfigurationPlatforms) = postSolution
		{2965FA62-5B57-43A2-A840-7E2A007B9D10}.Debug|Any CPU.ActiveCfg = Debug|Any CPU
		{2965FA62-5B57-43A2-A840-7E2A007B9D10}.Debug|Any CPU.Build.0 = Debug|Any CPU
		{2965FA62-5B57-43A2-A840-7E2A007B9D10}.Release|Any CPU.ActiveCfg = Release|Any CPU
		{2965FA62-5B57-43A2-A840-7E2A007B9D10}.Release|Any CPU.Build.0 = Release|Any CPU
	EndGlobalSection
	GlobalSection(SolutionProperties) = preSolution
		HideSolutionNode = FALSE
	EndGlobalSection
	GlobalSection(ExtensibilityGlobals) = postSolution
		SolutionGuid = {C690392F-F07F-4E11-99F4-7666F6D0798A}
	EndGlobalSection
EndGlobal
